PODS:
  - BEMCheckBox (1.4.1)
  - EAIntroView (2.12.0):
    - EARestrictedScrollView (~> 1.1.0)
  - EARestrictedScrollView (1.1.0)
  - Realm (3.17.1):
    - Realm/Headers (= 3.17.1)
  - Realm/Headers (3.17.1)
  - RealmSwift (3.17.1):
    - Realm (= 3.17.1)

DEPENDENCIES:
  - BEMCheckBox
  - EAIntroView
  - RealmSwift

SPEC REPOS:
  https://github.com/cocoapods/specs.git:
    - BEMCheckBox
    - EAIntroView
    - EARestrictedScrollView
    - Realm
    - RealmSwift

SPEC CHECKSUMS:
  BEMCheckBox: 5ba6e37ade3d3657b36caecc35c8b75c6c2b1a4e
  EAIntroView: 249559079ddfdbe80e5bcb755c04c3b964b2ac27
  EARestrictedScrollView: b0c2a3f92fb2610bb44d71c5e4893777c89e45ef
  Realm: c204f1a890f07dea43b14132a6aad118c054b8f2
  RealmSwift: 4d3c9233544b9cd08a8913e0872b9038eb99b054

PODFILE CHECKSUM: 59c631cee9093a3d6f8ad1fb26b4cb79987a5815

COCOAPODS: 1.6.1
